
Microsoft Visual Studio Solution File, Format Version 12.00
# Visual Studio Version 16
VisualStudioVersion = 16.0.29709.97
MinimumVisualStudioVersion = 10.0.40219.1
Project("{FAE04EC0-301F-11D3-BF4B-00C04F79EFBC}") = "AssAlgo", "AssAlgo\AssAlgo.csproj", "{9D35D9B4-A0F5-4B35-8496-5B3F05151890}"
EndProject
Global
	GlobalSection(SolutionConfigurationPlatforms) = preSolution
		Debug|Any CPU = Debug|Any CPU
		Release|Any CPU = Release|Any CPU
	EndGlobalSection
	GlobalSection(ProjectConfigurationPlatforms) = postSolution
		{9D35D9B4-A0F5-4B35-8496-5B3F05151890}.Debug|Any CPU.ActiveCfg = Debug|Any CPU
		{9D35D9B4-A0F5-4B35-8496-5B3F05151890}.Debug|Any CPU.Build.0 = Debug|Any CPU
		{9D35D9B4-A0F5-4B35-8496-5B3F05151890}.Release|Any CPU.ActiveCfg = Release|Any CPU
		{9D35D9B4-A0F5-4B35-8496-5B3F05151890}.Release|Any CPU.Build.0 = Release|Any CPU
	EndGlobalSection
	GlobalSection(SolutionProperties) = preSolution
		HideSolutionNode = FALSE
	EndGlobalSection
	GlobalSection(ExtensibilityGlobals) = postSolution
		SolutionGuid = {A7FE9939-74C9-4366-8B55-0235FD3081F1}
	EndGlobalSection
EndGlobal
